
Microsoft Visual Studio Solution File, Format Version 12.00
Project("{FAE04EC0-301F-11D3-BF4B-00C04F79EFBC}") = "Maxine.Fetch", "Maxine.Fetch\Maxine.Fetch.csproj", "{47F4F08A-2656-4CBA-8042-26FD28BAB839}"
EndProject
Project("{FAE04EC0-301F-11D3-BF4B-00C04F79EFBC}") = "Maxine.Extensions", "Maxine.Extensions\Maxine.Extensions.csproj", "{7A9453A6-376D-4C40-927C-A79BB720184E}"
EndProject
Project("{FAE04EC0-301F-11D3-BF4B-00C04F79EFBC}") = "Maxine.Extensions.EntityFrameworkCore", "Maxine.Extensions.EntityFrameworkCore\Maxine.Extensions.EntityFrameworkCore.csproj", "{5C5D1116-FD1E-4557-B624-692C07965DC9}"
EndProject
Project("{FAE04EC0-301F-11D3-BF4B-00C04F79EFBC}") = "Maxine.LogViewer.Desktop", "Maxine.LogViewer.Desktop\Maxine.LogViewer.Desktop.csproj", "{A4CA2BD9-97F8-4215-92BB-8F84BF1123BB}"
EndProject
Project("{FAE04EC0-301F-11D3-BF4B-00C04F79EFBC}") = "Maxine.LogViewer.Sink", "Maxine.LogViewer.Sink\Maxine.LogViewer.Sink.csproj", "{631921A6-694B-4499-AC82-56D6B685E3A0}"
EndProject
Project("{FAE04EC0-301F-11D3-BF4B-00C04F79EFBC}") = "Maxine.VFS", "Maxine.VFS\Maxine.VFS.csproj", "{200C233C-890A-492E-BB2F-ED61854E2788}"
EndProject
Project("{FAE04EC0-301F-11D3-BF4B-00C04F79EFBC}") = "Maxine.Extensions.SkiaSharp", "Maxine.Extensions.SkiaSharp\Maxine.Extensions.SkiaSharp.csproj", "{7A70D6FE-25E8-457B-A68E-D58F9921084D}"
EndProject
Project("{FAE04EC0-301F-11D3-BF4B-00C04F79EFBC}") = "RayTech.RayLog.MEL", "RayTech.RayLog.MEL\RayTech.RayLog.MEL.csproj", "{794CA6F6-A517-4525-8D22-3FA7D7BD149A}"
EndProject
Project("{FAE04EC0-301F-11D3-BF4B-00C04F79EFBC}") = "Maxine.Extensions.KeyValue", "Maxine.Extensions.KeyValue\Maxine.Extensions.KeyValue.csproj", "{12BA7C78-AE57-4D3F-99F5-E4B839750454}"
EndProject
Project("{FAE04EC0-301F-11D3-BF4B-00C04F79EFBC}") = "Maxine.Extensions.Test", "Maxine.Extensions.Test\Maxine.Extensions.Test.csproj", "{91A765E7-FB26-4B97-B4A1-77E6C828529D}"
EndProject
Project("{FAE04EC0-301F-11D3-BF4B-00C04F79EFBC}") = "Maxine.Extensions.Old", "Maxine.Extensions_old\Maxine.Extensions.Old.csproj", "{85A01896-A095-450C-9D8F-7981B3C0FBB1}"
EndProject
Project("{FAE04EC0-301F-11D3-BF4B-00C04F79EFBC}") = "Maxine.Extensions.Expressions", "Maxine.Extensions.Expressions\Maxine.Extensions.Expressions.csproj", "{50EB050D-9E4A-41AA-95CD-EDF1A91F6811}"
EndProject
Project("{FAE04EC0-301F-11D3-BF4B-00C04F79EFBC}") = "Maxine.Fetch.Test", "Maxine.Fetch.Test\Maxine.Fetch.Test.csproj", "{E6308531-35FB-4251-B5A9-9A5879133CC0}"
EndProject
Project("{FAE04EC0-301F-11D3-BF4B-00C04F79EFBC}") = "Maxine.Extensions.MessagePack", "Maxine.Extensions.MessagePack\Maxine.Extensions.MessagePack.csproj", "{4D8E3D8D-47AF-4BA1-896F-D7E107BCC319}"
EndProject
Project("{FAE04EC0-301F-11D3-BF4B-00C04F79EFBC}") = "Maxine.VFS.Test", "Maxine.VFS.Test\Maxine.VFS.Test.csproj", "{B8F5E9A0-9876-4321-ABCD-123456789ABC}"
EndProject
Project("{FAE04EC0-301F-11D3-BF4B-00C04F79EFBC}") = "Maxine.Extensions.Mathematics", "Maxine.Extensions.Mathematics\Maxine.Extensions.Mathematics.csproj", "{DB8F2BC5-5066-4E38-BF81-F6EA1E217379}"
EndProject
Project("{FAE04EC0-301F-11D3-BF4B-00C04F79EFBC}") = "Maxine.Extensions.Mathematics.Tests", "Maxine.Extensions.Mathematics.Tests\Maxine.Extensions.Mathematics.Tests.csproj", "{6517EE40-644A-40D3-B1F1-F3EFE628BA17}"
EndProject
Project("{FAE04EC0-301F-11D3-BF4B-00C04F79EFBC}") = "Maxine.Extensions.Lua", "Maxine.Extensions.Lua\Maxine.Extensions.Lua.csproj", "{05F52E9E-D519-4584-8FA0-8DA5FB00E263}"
EndProject
Project("{FAE04EC0-301F-11D3-BF4B-00C04F79EFBC}") = "Maxine.Extensions.Lua.Generator", "Maxine.Extensions.Lua.Generator\Maxine.Extensions.Lua.Generator.csproj", "{261D1614-2C50-41E7-A3FB-D47A6BEB0B78}"
EndProject
Project("{FAE04EC0-301F-11D3-BF4B-00C04F79EFBC}") = "Maxine.Extensions.Lua50", "Maxine.Extensions.Lua50\Maxine.Extensions.Lua50.csproj", "{87723D65-C94C-4178-8406-D43B3B58699B}"
EndProject
Project("{FAE04EC0-301F-11D3-BF4B-00C04F79EFBC}") = "Maxine.Extensions.Lua51", "Maxine.Extensions.Lua51\Maxine.Extensions.Lua51.csproj", "{44291325-FD7E-43FB-A8F7-71941D4F81EA}"
EndProject
Project("{FAE04EC0-301F-11D3-BF4B-00C04F79EFBC}") = "Maxine.Extensions.Lua52", "Maxine.Extensions.Lua52\Maxine.Extensions.Lua52.csproj", "{1C51E7F4-13ED-4BD4-B3DA-78E4EAD04582}"
EndProject
Project("{FAE04EC0-301F-11D3-BF4B-00C04F79EFBC}") = "Maxine.Extensions.Lua53", "Maxine.Extensions.Lua53\Maxine.Extensions.Lua53.csproj", "{FEE6DBF2-B9E6-4EE4-A1C5-44E3866EEB94}"
EndProject
Project("{FAE04EC0-301F-11D3-BF4B-00C04F79EFBC}") = "Maxine.Extensions.Lua54", "Maxine.Extensions.Lua54\Maxine.Extensions.Lua54.csproj", "{E224D55C-C59C-46DA-881D-D2481FC1BE9F}"
EndProject
Project("{FAE04EC0-301F-11D3-BF4B-00C04F79EFBC}") = "Maxine.Extensions.Lua55", "Maxine.Extensions.Lua55\Maxine.Extensions.Lua55.csproj", "{26EA6FEF-9F9D-4750-B8D6-94B9C31B9C0D}"
EndProject
Project("{FAE04EC0-301F-11D3-BF4B-00C04F79EFBC}") = "Maxine.Extensions.LuaJIT", "Maxine.Extensions.LuaJIT\Maxine.Extensions.LuaJIT.csproj", "{7C7698C9-FCFC-4809-A805-F562E8C66B2C}"
EndProject
Project("{FAE04EC0-301F-11D3-BF4B-00C04F79EFBC}") = "Maxine.Extensions.Lua55.KeraLua", "Maxine.Extensions.Lua55.KeraLua\Maxine.Extensions.Lua55.KeraLua.csproj", "{005D4EE5-3306-4948-AAAE-47493C8F26A7}"
EndProject
Project("{FAE04EC0-301F-11D3-BF4B-00C04F79EFBC}") = "Maxine.Extensions.Lua55.NLua", "Maxine.Extensions.Lua55.NLua\Maxine.Extensions.Lua55.NLua.csproj", "{32DCE2CD-B4B6-436F-9149-099652B6B826}"
EndProject
Project("{FAE04EC0-301F-11D3-BF4B-00C04F79EFBC}") = "Maxine.Extensions.Lua54.KeraLua", "Maxine.Extensions.Lua54.KeraLua\Maxine.Extensions.Lua54.KeraLua.csproj", "{C8F51F1C-3368-4635-9E62-8AFA224CC31D}"
EndProject
Project("{FAE04EC0-301F-11D3-BF4B-00C04F79EFBC}") = "Maxine.Extensions.Lua54.NLua", "Maxine.Extensions.Lua54.NLua\Maxine.Extensions.Lua54.NLua.csproj", "{D0529962-B06E-4DF4-A6EB-D539D3FE7315}"
EndProject
Project("{FAE04EC0-301F-11D3-BF4B-00C04F79EFBC}") = "Maxine.Extensions.Lua55.NLua.Tests", "Maxine.Extensions.Lua55.NLua.Tests\Maxine.Extensions.Lua55.NLua.Tests.csproj", "{AD8D5D87-1147-4A1C-A95D-442F5FAF7CA4}"
EndProject
Project("{8BC9CEB8-8B4A-11D0-8D11-00A0C91BC942}") = "Lua55", "Lua55\Lua55.vcxproj", "{49E0B435-3441-4589-91F0-033F1872B120}"
EndProject
Global
	GlobalSection(SolutionConfigurationPlatforms) = preSolution
		Debug|Any CPU = Debug|Any CPU
		Debug|x64 = Debug|x64
		Debug|x86 = Debug|x86
		Release|Any CPU = Release|Any CPU
		Release|x64 = Release|x64
		Release|x86 = Release|x86
	EndGlobalSection
	GlobalSection(ProjectConfigurationPlatforms) = postSolution
		{47F4F08A-2656-4CBA-8042-26FD28BAB839}.Debug|Any CPU.ActiveCfg = Debug|Any CPU
		{47F4F08A-2656-4CBA-8042-26FD28BAB839}.Debug|Any CPU.Build.0 = Debug|Any CPU
		{47F4F08A-2656-4CBA-8042-26FD28BAB839}.Debug|x64.ActiveCfg = Debug|Any CPU
		{47F4F08A-2656-4CBA-8042-26FD28BAB839}.Debug|x64.Build.0 = Debug|Any CPU
		{47F4F08A-2656-4CBA-8042-26FD28BAB839}.Debug|x86.ActiveCfg = Debug|Any CPU
		{47F4F08A-2656-4CBA-8042-26FD28BAB839}.Debug|x86.Build.0 = Debug|Any CPU
		{47F4F08A-2656-4CBA-8042-26FD28BAB839}.Release|Any CPU.ActiveCfg = Release|Any CPU
		{47F4F08A-2656-4CBA-8042-26FD28BAB839}.Release|Any CPU.Build.0 = Release|Any CPU
		{47F4F08A-2656-4CBA-8042-26FD28BAB839}.Release|x64.ActiveCfg = Release|Any CPU
		{47F4F08A-2656-4CBA-8042-26FD28BAB839}.Release|x64.Build.0 = Release|Any CPU
		{47F4F08A-2656-4CBA-8042-26FD28BAB839}.Release|x86.ActiveCfg = Release|Any CPU
		{47F4F08A-2656-4CBA-8042-26FD28BAB839}.Release|x86.Build.0 = Release|Any CPU
		{7A9453A6-376D-4C40-927C-A79BB720184E}.Debug|Any CPU.ActiveCfg = Debug|Any CPU
		{7A9453A6-376D-4C40-927C-A79BB720184E}.Debug|Any CPU.Build.0 = Debug|Any CPU
		{7A9453A6-376D-4C40-927C-A79BB720184E}.Debug|x64.ActiveCfg = Debug|Any CPU
		{7A9453A6-376D-4C40-927C-A79BB720184E}.Debug|x64.Build.0 = Debug|Any CPU
		{7A9453A6-376D-4C40-927C-A79BB720184E}.Debug|x86.ActiveCfg = Debug|Any CPU
		{7A9453A6-376D-4C40-927C-A79BB720184E}.Debug|x86.Build.0 = Debug|Any CPU
		{7A9453A6-376D-4C40-927C-A79BB720184E}.Release|Any CPU.ActiveCfg = Release|Any CPU
		{7A9453A6-376D-4C40-927C-A79BB720184E}.Release|Any CPU.Build.0 = Release|Any CPU
		{7A9453A6-376D-4C40-927C-A79BB720184E}.Release|x64.ActiveCfg = Release|Any CPU
		{7A9453A6-376D-4C40-927C-A79BB720184E}.Release|x64.Build.0 = Release|Any CPU
		{7A9453A6-376D-4C40-927C-A79BB720184E}.Release|x86.ActiveCfg = Release|Any CPU
		{7A9453A6-376D-4C40-927C-A79BB720184E}.Release|x86.Build.0 = Release|Any CPU
		{5C5D1116-FD1E-4557-B624-692C07965DC9}.Debug|Any CPU.ActiveCfg = Debug|Any CPU
		{5C5D1116-FD1E-4557-B624-692C07965DC9}.Debug|Any CPU.Build.0 = Debug|Any CPU
		{5C5D1116-FD1E-4557-B624-692C07965DC9}.Debug|x64.ActiveCfg = Debug|Any CPU
		{5C5D1116-FD1E-4557-B624-692C07965DC9}.Debug|x64.Build.0 = Debug|Any CPU
		{5C5D1116-FD1E-4557-B624-692C07965DC9}.Debug|x86.ActiveCfg = Debug|Any CPU
		{5C5D1116-FD1E-4557-B624-692C07965DC9}.Debug|x86.Build.0 = Debug|Any CPU
		{5C5D1116-FD1E-4557-B624-692C07965DC9}.Release|Any CPU.ActiveCfg = Release|Any CPU
		{5C5D1116-FD1E-4557-B624-692C07965DC9}.Release|Any CPU.Build.0 = Release|Any CPU
		{5C5D1116-FD1E-4557-B624-692C07965DC9}.Release|x64.ActiveCfg = Release|Any CPU
		{5C5D1116-FD1E-4557-B624-692C07965DC9}.Release|x64.Build.0 = Release|Any CPU
		{5C5D1116-FD1E-4557-B624-692C07965DC9}.Release|x86.ActiveCfg = Release|Any CPU
		{5C5D1116-FD1E-4557-B624-692C07965DC9}.Release|x86.Build.0 = Release|Any CPU
		{A4CA2BD9-97F8-4215-92BB-8F84BF1123BB}.Debug|Any CPU.ActiveCfg = Debug|Any CPU
		{A4CA2BD9-97F8-4215-92BB-8F84BF1123BB}.Debug|Any CPU.Build.0 = Debug|Any CPU
		{A4CA2BD9-97F8-4215-92BB-8F84BF1123BB}.Debug|x64.ActiveCfg = Debug|Any CPU
		{A4CA2BD9-97F8-4215-92BB-8F84BF1123BB}.Debug|x64.Build.0 = Debug|Any CPU
		{A4CA2BD9-97F8-4215-92BB-8F84BF1123BB}.Debug|x86.ActiveCfg = Debug|Any CPU
		{A4CA2BD9-97F8-4215-92BB-8F84BF1123BB}.Debug|x86.Build.0 = Debug|Any CPU
		{A4CA2BD9-97F8-4215-92BB-8F84BF1123BB}.Release|Any CPU.ActiveCfg = Release|Any CPU
		{A4CA2BD9-97F8-4215-92BB-8F84BF1123BB}.Release|Any CPU.Build.0 = Release|Any CPU
		{A4CA2BD9-97F8-4215-92BB-8F84BF1123BB}.Release|x64.ActiveCfg = Release|Any CPU
		{A4CA2BD9-97F8-4215-92BB-8F84BF1123BB}.Release|x64.Build.0 = Release|Any CPU
		{A4CA2BD9-97F8-4215-92BB-8F84BF1123BB}.Release|x86.ActiveCfg = Release|Any CPU
		{A4CA2BD9-97F8-4215-92BB-8F84BF1123BB}.Release|x86.Build.0 = Release|Any CPU
		{631921A6-694B-4499-AC82-56D6B685E3A0}.Debug|Any CPU.ActiveCfg = Debug|Any CPU
		{631921A6-694B-4499-AC82-56D6B685E3A0}.Debug|Any CPU.Build.0 = Debug|Any CPU
		{631921A6-694B-4499-AC82-56D6B685E3A0}.Debug|x64.ActiveCfg = Debug|Any CPU
		{631921A6-694B-4499-AC82-56D6B685E3A0}.Debug|x64.Build.0 = Debug|Any CPU
		{631921A6-694B-4499-AC82-56D6B685E3A0}.Debug|x86.ActiveCfg = Debug|Any CPU
		{631921A6-694B-4499-AC82-56D6B685E3A0}.Debug|x86.Build.0 = Debug|Any CPU
		{631921A6-694B-4499-AC82-56D6B685E3A0}.Release|Any CPU.ActiveCfg = Release|Any CPU
		{631921A6-694B-4499-AC82-56D6B685E3A0}.Release|Any CPU.Build.0 = Release|Any CPU
		{631921A6-694B-4499-AC82-56D6B685E3A0}.Release|x64.ActiveCfg = Release|Any CPU
		{631921A6-694B-4499-AC82-56D6B685E3A0}.Release|x64.Build.0 = Release|Any CPU
		{631921A6-694B-4499-AC82-56D6B685E3A0}.Release|x86.ActiveCfg = Release|Any CPU
		{631921A6-694B-4499-AC82-56D6B685E3A0}.Release|x86.Build.0 = Release|Any CPU
		{200C233C-890A-492E-BB2F-ED61854E2788}.Debug|Any CPU.ActiveCfg = Debug|Any CPU
		{200C233C-890A-492E-BB2F-ED61854E2788}.Debug|Any CPU.Build.0 = Debug|Any CPU
		{200C233C-890A-492E-BB2F-ED61854E2788}.Debug|x64.ActiveCfg = Debug|Any CPU
		{200C233C-890A-492E-BB2F-ED61854E2788}.Debug|x64.Build.0 = Debug|Any CPU
		{200C233C-890A-492E-BB2F-ED61854E2788}.Debug|x86.ActiveCfg = Debug|Any CPU
		{200C233C-890A-492E-BB2F-ED61854E2788}.Debug|x86.Build.0 = Debug|Any CPU
		{200C233C-890A-492E-BB2F-ED61854E2788}.Release|Any CPU.ActiveCfg = Release|Any CPU
		{200C233C-890A-492E-BB2F-ED61854E2788}.Release|Any CPU.Build.0 = Release|Any CPU
		{200C233C-890A-492E-BB2F-ED61854E2788}.Release|x64.ActiveCfg = Release|Any CPU
		{200C233C-890A-492E-BB2F-ED61854E2788}.Release|x64.Build.0 = Release|Any CPU
		{200C233C-890A-492E-BB2F-ED61854E2788}.Release|x86.ActiveCfg = Release|Any CPU
		{200C233C-890A-492E-BB2F-ED61854E2788}.Release|x86.Build.0 = Release|Any CPU
		{7A70D6FE-25E8-457B-A68E-D58F9921084D}.Debug|Any CPU.ActiveCfg = Debug|Any CPU
		{7A70D6FE-25E8-457B-A68E-D58F9921084D}.Debug|Any CPU.Build.0 = Debug|Any CPU
		{7A70D6FE-25E8-457B-A68E-D58F9921084D}.Debug|x64.ActiveCfg = Debug|Any CPU
		{7A70D6FE-25E8-457B-A68E-D58F9921084D}.Debug|x64.Build.0 = Debug|Any CPU
		{7A70D6FE-25E8-457B-A68E-D58F9921084D}.Debug|x86.ActiveCfg = Debug|Any CPU
		{7A70D6FE-25E8-457B-A68E-D58F9921084D}.Debug|x86.Build.0 = Debug|Any CPU
		{7A70D6FE-25E8-457B-A68E-D58F9921084D}.Release|Any CPU.ActiveCfg = Release|Any CPU
		{7A70D6FE-25E8-457B-A68E-D58F9921084D}.Release|Any CPU.Build.0 = Release|Any CPU
		{7A70D6FE-25E8-457B-A68E-D58F9921084D}.Release|x64.ActiveCfg = Release|Any CPU
		{7A70D6FE-25E8-457B-A68E-D58F9921084D}.Release|x64.Build.0 = Release|Any CPU
		{7A70D6FE-25E8-457B-A68E-D58F9921084D}.Release|x86.ActiveCfg = Release|Any CPU
		{7A70D6FE-25E8-457B-A68E-D58F9921084D}.Release|x86.Build.0 = Release|Any CPU
		{794CA6F6-A517-4525-8D22-3FA7D7BD149A}.Debug|Any CPU.ActiveCfg = Debug|Any CPU
		{794CA6F6-A517-4525-8D22-3FA7D7BD149A}.Debug|Any CPU.Build.0 = Debug|Any CPU
		{794CA6F6-A517-4525-8D22-3FA7D7BD149A}.Debug|x64.ActiveCfg = Debug|Any CPU
		{794CA6F6-A517-4525-8D22-3FA7D7BD149A}.Debug|x64.Build.0 = Debug|Any CPU
		{794CA6F6-A517-4525-8D22-3FA7D7BD149A}.Debug|x86.ActiveCfg = Debug|Any CPU
		{794CA6F6-A517-4525-8D22-3FA7D7BD149A}.Debug|x86.Build.0 = Debug|Any CPU
		{794CA6F6-A517-4525-8D22-3FA7D7BD149A}.Release|Any CPU.ActiveCfg = Release|Any CPU
		{794CA6F6-A517-4525-8D22-3FA7D7BD149A}.Release|Any CPU.Build.0 = Release|Any CPU
		{794CA6F6-A517-4525-8D22-3FA7D7BD149A}.Release|x64.ActiveCfg = Release|Any CPU
		{794CA6F6-A517-4525-8D22-3FA7D7BD149A}.Release|x64.Build.0 = Release|Any CPU
		{794CA6F6-A517-4525-8D22-3FA7D7BD149A}.Release|x86.ActiveCfg = Release|Any CPU
		{794CA6F6-A517-4525-8D22-3FA7D7BD149A}.Release|x86.Build.0 = Release|Any CPU
		{12BA7C78-AE57-4D3F-99F5-E4B839750454}.Debug|Any CPU.ActiveCfg = Debug|Any CPU
		{12BA7C78-AE57-4D3F-99F5-E4B839750454}.Debug|Any CPU.Build.0 = Debug|Any CPU
		{12BA7C78-AE57-4D3F-99F5-E4B839750454}.Debug|x64.ActiveCfg = Debug|Any CPU
		{12BA7C78-AE57-4D3F-99F5-E4B839750454}.Debug|x64.Build.0 = Debug|Any CPU
		{12BA7C78-AE57-4D3F-99F5-E4B839750454}.Debug|x86.ActiveCfg = Debug|Any CPU
		{12BA7C78-AE57-4D3F-99F5-E4B839750454}.Debug|x86.Build.0 = Debug|Any CPU
		{12BA7C78-AE57-4D3F-99F5-E4B839750454}.Release|Any CPU.ActiveCfg = Release|Any CPU
		{12BA7C78-AE57-4D3F-99F5-E4B839750454}.Release|Any CPU.Build.0 = Release|Any CPU
		{12BA7C78-AE57-4D3F-99F5-E4B839750454}.Release|x64.ActiveCfg = Release|Any CPU
		{12BA7C78-AE57-4D3F-99F5-E4B839750454}.Release|x64.Build.0 = Release|Any CPU
		{12BA7C78-AE57-4D3F-99F5-E4B839750454}.Release|x86.ActiveCfg = Release|Any CPU
		{12BA7C78-AE57-4D3F-99F5-E4B839750454}.Release|x86.Build.0 = Release|Any CPU
		{91A765E7-FB26-4B97-B4A1-77E6C828529D}.Debug|Any CPU.ActiveCfg = Debug|Any CPU
		{91A765E7-FB26-4B97-B4A1-77E6C828529D}.Debug|Any CPU.Build.0 = Debug|Any CPU
		{91A765E7-FB26-4B97-B4A1-77E6C828529D}.Debug|x64.ActiveCfg = Debug|Any CPU
		{91A765E7-FB26-4B97-B4A1-77E6C828529D}.Debug|x64.Build.0 = Debug|Any CPU
		{91A765E7-FB26-4B97-B4A1-77E6C828529D}.Debug|x86.ActiveCfg = Debug|Any CPU
		{91A765E7-FB26-4B97-B4A1-77E6C828529D}.Debug|x86.Build.0 = Debug|Any CPU
		{91A765E7-FB26-4B97-B4A1-77E6C828529D}.Release|Any CPU.ActiveCfg = Release|Any CPU
		{91A765E7-FB26-4B97-B4A1-77E6C828529D}.Release|Any CPU.Build.0 = Release|Any CPU
		{91A765E7-FB26-4B97-B4A1-77E6C828529D}.Release|x64.ActiveCfg = Release|Any CPU
		{91A765E7-FB26-4B97-B4A1-77E6C828529D}.Release|x64.Build.0 = Release|Any CPU
		{91A765E7-FB26-4B97-B4A1-77E6C828529D}.Release|x86.ActiveCfg = Release|Any CPU
		{91A765E7-FB26-4B97-B4A1-77E6C828529D}.Release|x86.Build.0 = Release|Any CPU
		{85A01896-A095-450C-9D8F-7981B3C0FBB1}.Debug|Any CPU.ActiveCfg = Debug|Any CPU
		{85A01896-A095-450C-9D8F-7981B3C0FBB1}.Debug|Any CPU.Build.0 = Debug|Any CPU
		{85A01896-A095-450C-9D8F-7981B3C0FBB1}.Debug|x64.ActiveCfg = Debug|Any CPU
		{85A01896-A095-450C-9D8F-7981B3C0FBB1}.Debug|x64.Build.0 = Debug|Any CPU
		{85A01896-A095-450C-9D8F-7981B3C0FBB1}.Debug|x86.ActiveCfg = Debug|Any CPU
		{85A01896-A095-450C-9D8F-7981B3C0FBB1}.Debug|x86.Build.0 = Debug|Any CPU
		{85A01896-A095-450C-9D8F-7981B3C0FBB1}.Release|Any CPU.ActiveCfg = Release|Any CPU
		{85A01896-A095-450C-9D8F-7981B3C0FBB1}.Release|Any CPU.Build.0 = Release|Any CPU
		{85A01896-A095-450C-9D8F-7981B3C0FBB1}.Release|x64.ActiveCfg = Release|Any CPU
		{85A01896-A095-450C-9D8F-7981B3C0FBB1}.Release|x64.Build.0 = Release|Any CPU
		{85A01896-A095-450C-9D8F-7981B3C0FBB1}.Release|x86.ActiveCfg = Release|Any CPU
		{85A01896-A095-450C-9D8F-7981B3C0FBB1}.Release|x86.Build.0 = Release|Any CPU
		{50EB050D-9E4A-41AA-95CD-EDF1A91F6811}.Debug|Any CPU.ActiveCfg = Debug|Any CPU
		{50EB050D-9E4A-41AA-95CD-EDF1A91F6811}.Debug|Any CPU.Build.0 = Debug|Any CPU
		{50EB050D-9E4A-41AA-95CD-EDF1A91F6811}.Debug|x64.ActiveCfg = Debug|Any CPU
		{50EB050D-9E4A-41AA-95CD-EDF1A91F6811}.Debug|x64.Build.0 = Debug|Any CPU
		{50EB050D-9E4A-41AA-95CD-EDF1A91F6811}.Debug|x86.ActiveCfg = Debug|Any CPU
		{50EB050D-9E4A-41AA-95CD-EDF1A91F6811}.Debug|x86.Build.0 = Debug|Any CPU
		{50EB050D-9E4A-41AA-95CD-EDF1A91F6811}.Release|Any CPU.ActiveCfg = Release|Any CPU
		{50EB050D-9E4A-41AA-95CD-EDF1A91F6811}.Release|Any CPU.Build.0 = Release|Any CPU
		{50EB050D-9E4A-41AA-95CD-EDF1A91F6811}.Release|x64.ActiveCfg = Release|Any CPU
		{50EB050D-9E4A-41AA-95CD-EDF1A91F6811}.Release|x64.Build.0 = Release|Any CPU
		{50EB050D-9E4A-41AA-95CD-EDF1A91F6811}.Release|x86.ActiveCfg = Release|Any CPU
		{50EB050D-9E4A-41AA-95CD-EDF1A91F6811}.Release|x86.Build.0 = Release|Any CPU
		{E6308531-35FB-4251-B5A9-9A5879133CC0}.Debug|Any CPU.ActiveCfg = Debug|Any CPU
		{E6308531-35FB-4251-B5A9-9A5879133CC0}.Debug|Any CPU.Build.0 = Debug|Any CPU
		{E6308531-35FB-4251-B5A9-9A5879133CC0}.Debug|x64.ActiveCfg = Debug|Any CPU
		{E6308531-35FB-4251-B5A9-9A5879133CC0}.Debug|x64.Build.0 = Debug|Any CPU
		{E6308531-35FB-4251-B5A9-9A5879133CC0}.Debug|x86.ActiveCfg = Debug|Any CPU
		{E6308531-35FB-4251-B5A9-9A5879133CC0}.Debug|x86.Build.0 = Debug|Any CPU
		{E6308531-35FB-4251-B5A9-9A5879133CC0}.Release|Any CPU.ActiveCfg = Release|Any CPU
		{E6308531-35FB-4251-B5A9-9A5879133CC0}.Release|Any CPU.Build.0 = Release|Any CPU
		{E6308531-35FB-4251-B5A9-9A5879133CC0}.Release|x64.ActiveCfg = Release|Any CPU
		{E6308531-35FB-4251-B5A9-9A5879133CC0}.Release|x64.Build.0 = Release|Any CPU
		{E6308531-35FB-4251-B5A9-9A5879133CC0}.Release|x86.ActiveCfg = Release|Any CPU
		{E6308531-35FB-4251-B5A9-9A5879133CC0}.Release|x86.Build.0 = Release|Any CPU
		{4D8E3D8D-47AF-4BA1-896F-D7E107BCC319}.Debug|Any CPU.ActiveCfg = Debug|Any CPU
		{4D8E3D8D-47AF-4BA1-896F-D7E107BCC319}.Debug|Any CPU.Build.0 = Debug|Any CPU
		{4D8E3D8D-47AF-4BA1-896F-D7E107BCC319}.Debug|x64.ActiveCfg = Debug|Any CPU
		{4D8E3D8D-47AF-4BA1-896F-D7E107BCC319}.Debug|x64.Build.0 = Debug|Any CPU
		{4D8E3D8D-47AF-4BA1-896F-D7E107BCC319}.Debug|x86.ActiveCfg = Debug|Any CPU
		{4D8E3D8D-47AF-4BA1-896F-D7E107BCC319}.Debug|x86.Build.0 = Debug|Any CPU
		{4D8E3D8D-47AF-4BA1-896F-D7E107BCC319}.Release|Any CPU.ActiveCfg = Release|Any CPU
		{4D8E3D8D-47AF-4BA1-896F-D7E107BCC319}.Release|Any CPU.Build.0 = Release|Any CPU
		{4D8E3D8D-47AF-4BA1-896F-D7E107BCC319}.Release|x64.ActiveCfg = Release|Any CPU
		{4D8E3D8D-47AF-4BA1-896F-D7E107BCC319}.Release|x64.Build.0 = Release|Any CPU
		{4D8E3D8D-47AF-4BA1-896F-D7E107BCC319}.Release|x86.ActiveCfg = Release|Any CPU
		{4D8E3D8D-47AF-4BA1-896F-D7E107BCC319}.Release|x86.Build.0 = Release|Any CPU
		{B8F5E9A0-9876-4321-ABCD-123456789ABC}.Debug|Any CPU.ActiveCfg = Debug|Any CPU
		{B8F5E9A0-9876-4321-ABCD-123456789ABC}.Debug|Any CPU.Build.0 = Debug|Any CPU
		{B8F5E9A0-9876-4321-ABCD-123456789ABC}.Debug|x64.ActiveCfg = Debug|Any CPU
		{B8F5E9A0-9876-4321-ABCD-123456789ABC}.Debug|x64.Build.0 = Debug|Any CPU
		{B8F5E9A0-9876-4321-ABCD-123456789ABC}.Debug|x86.ActiveCfg = Debug|Any CPU
		{B8F5E9A0-9876-4321-ABCD-123456789ABC}.Debug|x86.Build.0 = Debug|Any CPU
		{B8F5E9A0-9876-4321-ABCD-123456789ABC}.Release|Any CPU.ActiveCfg = Release|Any CPU
		{B8F5E9A0-9876-4321-ABCD-123456789ABC}.Release|Any CPU.Build.0 = Release|Any CPU
		{B8F5E9A0-9876-4321-ABCD-123456789ABC}.Release|x64.ActiveCfg = Release|Any CPU
		{B8F5E9A0-9876-4321-ABCD-123456789ABC}.Release|x64.Build.0 = Release|Any CPU
		{B8F5E9A0-9876-4321-ABCD-123456789ABC}.Release|x86.ActiveCfg = Release|Any CPU
		{B8F5E9A0-9876-4321-ABCD-123456789ABC}.Release|x86.Build.0 = Release|Any CPU
		{DB8F2BC5-5066-4E38-BF81-F6EA1E217379}.Debug|Any CPU.ActiveCfg = Debug|Any CPU
		{DB8F2BC5-5066-4E38-BF81-F6EA1E217379}.Debug|Any CPU.Build.0 = Debug|Any CPU
		{DB8F2BC5-5066-4E38-BF81-F6EA1E217379}.Debug|x64.ActiveCfg = Debug|Any CPU
		{DB8F2BC5-5066-4E38-BF81-F6EA1E217379}.Debug|x64.Build.0 = Debug|Any CPU
		{DB8F2BC5-5066-4E38-BF81-F6EA1E217379}.Debug|x86.ActiveCfg = Debug|Any CPU
		{DB8F2BC5-5066-4E38-BF81-F6EA1E217379}.Debug|x86.Build.0 = Debug|Any CPU
		{DB8F2BC5-5066-4E38-BF81-F6EA1E217379}.Release|Any CPU.ActiveCfg = Release|Any CPU
		{DB8F2BC5-5066-4E38-BF81-F6EA1E217379}.Release|Any CPU.Build.0 = Release|Any CPU
		{DB8F2BC5-5066-4E38-BF81-F6EA1E217379}.Release|x64.ActiveCfg = Release|Any CPU
		{DB8F2BC5-5066-4E38-BF81-F6EA1E217379}.Release|x64.Build.0 = Release|Any CPU
		{DB8F2BC5-5066-4E38-BF81-F6EA1E217379}.Release|x86.ActiveCfg = Release|Any CPU
		{DB8F2BC5-5066-4E38-BF81-F6EA1E217379}.Release|x86.Build.0 = Release|Any CPU
		{6517EE40-644A-40D3-B1F1-F3EFE628BA17}.Debug|Any CPU.ActiveCfg = Debug|Any CPU
		{6517EE40-644A-40D3-B1F1-F3EFE628BA17}.Debug|Any CPU.Build.0 = Debug|Any CPU
		{6517EE40-644A-40D3-B1F1-F3EFE628BA17}.Debug|x64.ActiveCfg = Debug|Any CPU
		{6517EE40-644A-40D3-B1F1-F3EFE628BA17}.Debug|x64.Build.0 = Debug|Any CPU
		{6517EE40-644A-40D3-B1F1-F3EFE628BA17}.Debug|x86.ActiveCfg = Debug|Any CPU
		{6517EE40-644A-40D3-B1F1-F3EFE628BA17}.Debug|x86.Build.0 = Debug|Any CPU
		{6517EE40-644A-40D3-B1F1-F3EFE628BA17}.Release|Any CPU.ActiveCfg = Release|Any CPU
		{6517EE40-644A-40D3-B1F1-F3EFE628BA17}.Release|Any CPU.Build.0 = Release|Any CPU
		{6517EE40-644A-40D3-B1F1-F3EFE628BA17}.Release|x64.ActiveCfg = Release|Any CPU
		{6517EE40-644A-40D3-B1F1-F3EFE628BA17}.Release|x64.Build.0 = Release|Any CPU
		{6517EE40-644A-40D3-B1F1-F3EFE628BA17}.Release|x86.ActiveCfg = Release|Any CPU
		{6517EE40-644A-40D3-B1F1-F3EFE628BA17}.Release|x86.Build.0 = Release|Any CPU
		{05F52E9E-D519-4584-8FA0-8DA5FB00E263}.Debug|Any CPU.ActiveCfg = Debug|Any CPU
		{05F52E9E-D519-4584-8FA0-8DA5FB00E263}.Debug|Any CPU.Build.0 = Debug|Any CPU
		{05F52E9E-D519-4584-8FA0-8DA5FB00E263}.Debug|x64.ActiveCfg = Debug|Any CPU
		{05F52E9E-D519-4584-8FA0-8DA5FB00E263}.Debug|x64.Build.0 = Debug|Any CPU
		{05F52E9E-D519-4584-8FA0-8DA5FB00E263}.Debug|x86.ActiveCfg = Debug|Any CPU
		{05F52E9E-D519-4584-8FA0-8DA5FB00E263}.Debug|x86.Build.0 = Debug|Any CPU
		{05F52E9E-D519-4584-8FA0-8DA5FB00E263}.Release|Any CPU.ActiveCfg = Release|Any CPU
		{05F52E9E-D519-4584-8FA0-8DA5FB00E263}.Release|Any CPU.Build.0 = Release|Any CPU
		{05F52E9E-D519-4584-8FA0-8DA5FB00E263}.Release|x64.ActiveCfg = Release|Any CPU
		{05F52E9E-D519-4584-8FA0-8DA5FB00E263}.Release|x64.Build.0 = Release|Any CPU
		{05F52E9E-D519-4584-8FA0-8DA5FB00E263}.Release|x86.ActiveCfg = Release|Any CPU
		{05F52E9E-D519-4584-8FA0-8DA5FB00E263}.Release|x86.Build.0 = Release|Any CPU
		{261D1614-2C50-41E7-A3FB-D47A6BEB0B78}.Debug|Any CPU.ActiveCfg = Debug|Any CPU
		{261D1614-2C50-41E7-A3FB-D47A6BEB0B78}.Debug|Any CPU.Build.0 = Debug|Any CPU
		{261D1614-2C50-41E7-A3FB-D47A6BEB0B78}.Debug|x64.ActiveCfg = Debug|Any CPU
		{261D1614-2C50-41E7-A3FB-D47A6BEB0B78}.Debug|x64.Build.0 = Debug|Any CPU
		{261D1614-2C50-41E7-A3FB-D47A6BEB0B78}.Debug|x86.ActiveCfg = Debug|Any CPU
		{261D1614-2C50-41E7-A3FB-D47A6BEB0B78}.Debug|x86.Build.0 = Debug|Any CPU
		{261D1614-2C50-41E7-A3FB-D47A6BEB0B78}.Release|Any CPU.ActiveCfg = Release|Any CPU
		{261D1614-2C50-41E7-A3FB-D47A6BEB0B78}.Release|Any CPU.Build.0 = Release|Any CPU
		{261D1614-2C50-41E7-A3FB-D47A6BEB0B78}.Release|x64.ActiveCfg = Release|Any CPU
		{261D1614-2C50-41E7-A3FB-D47A6BEB0B78}.Release|x64.Build.0 = Release|Any CPU
		{261D1614-2C50-41E7-A3FB-D47A6BEB0B78}.Release|x86.ActiveCfg = Release|Any CPU
		{261D1614-2C50-41E7-A3FB-D47A6BEB0B78}.Release|x86.Build.0 = Release|Any CPU
		{87723D65-C94C-4178-8406-D43B3B58699B}.Debug|Any CPU.ActiveCfg = Debug|Any CPU
		{87723D65-C94C-4178-8406-D43B3B58699B}.Debug|Any CPU.Build.0 = Debug|Any CPU
		{87723D65-C94C-4178-8406-D43B3B58699B}.Debug|x64.ActiveCfg = Debug|Any CPU
		{87723D65-C94C-4178-8406-D43B3B58699B}.Debug|x64.Build.0 = Debug|Any CPU
		{87723D65-C94C-4178-8406-D43B3B58699B}.Debug|x86.ActiveCfg = Debug|Any CPU
		{87723D65-C94C-4178-8406-D43B3B58699B}.Debug|x86.Build.0 = Debug|Any CPU
		{87723D65-C94C-4178-8406-D43B3B58699B}.Release|Any CPU.ActiveCfg = Release|Any CPU
		{87723D65-C94C-4178-8406-D43B3B58699B}.Release|Any CPU.Build.0 = Release|Any CPU
		{87723D65-C94C-4178-8406-D43B3B58699B}.Release|x64.ActiveCfg = Release|Any CPU
		{87723D65-C94C-4178-8406-D43B3B58699B}.Release|x64.Build.0 = Release|Any CPU
		{87723D65-C94C-4178-8406-D43B3B58699B}.Release|x86.ActiveCfg = Release|Any CPU
		{87723D65-C94C-4178-8406-D43B3B58699B}.Release|x86.Build.0 = Release|Any CPU
		{44291325-FD7E-43FB-A8F7-71941D4F81EA}.Debug|Any CPU.ActiveCfg = Debug|Any CPU
		{44291325-FD7E-43FB-A8F7-71941D4F81EA}.Debug|Any CPU.Build.0 = Debug|Any CPU
		{44291325-FD7E-43FB-A8F7-71941D4F81EA}.Debug|x64.ActiveCfg = Debug|Any CPU
		{44291325-FD7E-43FB-A8F7-71941D4F81EA}.Debug|x64.Build.0 = Debug|Any CPU
		{44291325-FD7E-43FB-A8F7-71941D4F81EA}.Debug|x86.ActiveCfg = Debug|Any CPU
		{44291325-FD7E-43FB-A8F7-71941D4F81EA}.Debug|x86.Build.0 = Debug|Any CPU
		{44291325-FD7E-43FB-A8F7-71941D4F81EA}.Release|Any CPU.ActiveCfg = Release|Any CPU
		{44291325-FD7E-43FB-A8F7-71941D4F81EA}.Release|Any CPU.Build.0 = Release|Any CPU
		{44291325-FD7E-43FB-A8F7-71941D4F81EA}.Release|x64.ActiveCfg = Release|Any CPU
		{44291325-FD7E-43FB-A8F7-71941D4F81EA}.Release|x64.Build.0 = Release|Any CPU
		{44291325-FD7E-43FB-A8F7-71941D4F81EA}.Release|x86.ActiveCfg = Release|Any CPU
		{44291325-FD7E-43FB-A8F7-71941D4F81EA}.Release|x86.Build.0 = Release|Any CPU
		{1C51E7F4-13ED-4BD4-B3DA-78E4EAD04582}.Debug|Any CPU.ActiveCfg = Debug|Any CPU
		{1C51E7F4-13ED-4BD4-B3DA-78E4EAD04582}.Debug|Any CPU.Build.0 = Debug|Any CPU
		{1C51E7F4-13ED-4BD4-B3DA-78E4EAD04582}.Debug|x64.ActiveCfg = Debug|Any CPU
		{1C51E7F4-13ED-4BD4-B3DA-78E4EAD04582}.Debug|x64.Build.0 = Debug|Any CPU
		{1C51E7F4-13ED-4BD4-B3DA-78E4EAD04582}.Debug|x86.ActiveCfg = Debug|Any CPU
		{1C51E7F4-13ED-4BD4-B3DA-78E4EAD04582}.Debug|x86.Build.0 = Debug|Any CPU
		{1C51E7F4-13ED-4BD4-B3DA-78E4EAD04582}.Release|Any CPU.ActiveCfg = Release|Any CPU
		{1C51E7F4-13ED-4BD4-B3DA-78E4EAD04582}.Release|Any CPU.Build.0 = Release|Any CPU
		{1C51E7F4-13ED-4BD4-B3DA-78E4EAD04582}.Release|x64.ActiveCfg = Release|Any CPU
		{1C51E7F4-13ED-4BD4-B3DA-78E4EAD04582}.Release|x64.Build.0 = Release|Any CPU
		{1C51E7F4-13ED-4BD4-B3DA-78E4EAD04582}.Release|x86.ActiveCfg = Release|Any CPU
		{1C51E7F4-13ED-4BD4-B3DA-78E4EAD04582}.Release|x86.Build.0 = Release|Any CPU
		{FEE6DBF2-B9E6-4EE4-A1C5-44E3866EEB94}.Debug|Any CPU.ActiveCfg = Debug|Any CPU
		{FEE6DBF2-B9E6-4EE4-A1C5-44E3866EEB94}.Debug|Any CPU.Build.0 = Debug|Any CPU
		{FEE6DBF2-B9E6-4EE4-A1C5-44E3866EEB94}.Debug|x64.ActiveCfg = Debug|Any CPU
		{FEE6DBF2-B9E6-4EE4-A1C5-44E3866EEB94}.Debug|x64.Build.0 = Debug|Any CPU
		{FEE6DBF2-B9E6-4EE4-A1C5-44E3866EEB94}.Debug|x86.ActiveCfg = Debug|Any CPU
		{FEE6DBF2-B9E6-4EE4-A1C5-44E3866EEB94}.Debug|x86.Build.0 = Debug|Any CPU
		{FEE6DBF2-B9E6-4EE4-A1C5-44E3866EEB94}.Release|Any CPU.ActiveCfg = Release|Any CPU
		{FEE6DBF2-B9E6-4EE4-A1C5-44E3866EEB94}.Release|Any CPU.Build.0 = Release|Any CPU
		{FEE6DBF2-B9E6-4EE4-A1C5-44E3866EEB94}.Release|x64.ActiveCfg = Release|Any CPU
		{FEE6DBF2-B9E6-4EE4-A1C5-44E3866EEB94}.Release|x64.Build.0 = Release|Any CPU
		{FEE6DBF2-B9E6-4EE4-A1C5-44E3866EEB94}.Release|x86.ActiveCfg = Release|Any CPU
		{FEE6DBF2-B9E6-4EE4-A1C5-44E3866EEB94}.Release|x86.Build.0 = Release|Any CPU
		{E224D55C-C59C-46DA-881D-D2481FC1BE9F}.Debug|Any CPU.ActiveCfg = Debug|Any CPU
		{E224D55C-C59C-46DA-881D-D2481FC1BE9F}.Debug|Any CPU.Build.0 = Debug|Any CPU
		{E224D55C-C59C-46DA-881D-D2481FC1BE9F}.Debug|x64.ActiveCfg = Debug|Any CPU
		{E224D55C-C59C-46DA-881D-D2481FC1BE9F}.Debug|x64.Build.0 = Debug|Any CPU
		{E224D55C-C59C-46DA-881D-D2481FC1BE9F}.Debug|x86.ActiveCfg = Debug|Any CPU
		{E224D55C-C59C-46DA-881D-D2481FC1BE9F}.Debug|x86.Build.0 = Debug|Any CPU
		{E224D55C-C59C-46DA-881D-D2481FC1BE9F}.Release|Any CPU.ActiveCfg = Release|Any CPU
		{E224D55C-C59C-46DA-881D-D2481FC1BE9F}.Release|Any CPU.Build.0 = Release|Any CPU
		{E224D55C-C59C-46DA-881D-D2481FC1BE9F}.Release|x64.ActiveCfg = Release|Any CPU
		{E224D55C-C59C-46DA-881D-D2481FC1BE9F}.Release|x64.Build.0 = Release|Any CPU
		{E224D55C-C59C-46DA-881D-D2481FC1BE9F}.Release|x86.ActiveCfg = Release|Any CPU
		{E224D55C-C59C-46DA-881D-D2481FC1BE9F}.Release|x86.Build.0 = Release|Any CPU
		{26EA6FEF-9F9D-4750-B8D6-94B9C31B9C0D}.Debug|Any CPU.ActiveCfg = Debug|Any CPU
		{26EA6FEF-9F9D-4750-B8D6-94B9C31B9C0D}.Debug|Any CPU.Build.0 = Debug|Any CPU
		{26EA6FEF-9F9D-4750-B8D6-94B9C31B9C0D}.Debug|x64.ActiveCfg = Debug|Any CPU
		{26EA6FEF-9F9D-4750-B8D6-94B9C31B9C0D}.Debug|x64.Build.0 = Debug|Any CPU
		{26EA6FEF-9F9D-4750-B8D6-94B9C31B9C0D}.Debug|x86.ActiveCfg = Debug|Any CPU
		{26EA6FEF-9F9D-4750-B8D6-94B9C31B9C0D}.Debug|x86.Build.0 = Debug|Any CPU
		{26EA6FEF-9F9D-4750-B8D6-94B9C31B9C0D}.Release|Any CPU.ActiveCfg = Release|Any CPU
		{26EA6FEF-9F9D-4750-B8D6-94B9C31B9C0D}.Release|Any CPU.Build.0 = Release|Any CPU
		{26EA6FEF-9F9D-4750-B8D6-94B9C31B9C0D}.Release|x64.ActiveCfg = Release|Any CPU
		{26EA6FEF-9F9D-4750-B8D6-94B9C31B9C0D}.Release|x64.Build.0 = Release|Any CPU
		{26EA6FEF-9F9D-4750-B8D6-94B9C31B9C0D}.Release|x86.ActiveCfg = Release|Any CPU
		{26EA6FEF-9F9D-4750-B8D6-94B9C31B9C0D}.Release|x86.Build.0 = Release|Any CPU
		{7C7698C9-FCFC-4809-A805-F562E8C66B2C}.Debug|Any CPU.ActiveCfg = Debug|Any CPU
		{7C7698C9-FCFC-4809-A805-F562E8C66B2C}.Debug|Any CPU.Build.0 = Debug|Any CPU
		{7C7698C9-FCFC-4809-A805-F562E8C66B2C}.Debug|x64.ActiveCfg = Debug|Any CPU
		{7C7698C9-FCFC-4809-A805-F562E8C66B2C}.Debug|x64.Build.0 = Debug|Any CPU
		{7C7698C9-FCFC-4809-A805-F562E8C66B2C}.Debug|x86.ActiveCfg = Debug|Any CPU
		{7C7698C9-FCFC-4809-A805-F562E8C66B2C}.Debug|x86.Build.0 = Debug|Any CPU
		{7C7698C9-FCFC-4809-A805-F562E8C66B2C}.Release|Any CPU.ActiveCfg = Release|Any CPU
		{7C7698C9-FCFC-4809-A805-F562E8C66B2C}.Release|Any CPU.Build.0 = Release|Any CPU
		{7C7698C9-FCFC-4809-A805-F562E8C66B2C}.Release|x64.ActiveCfg = Release|Any CPU
		{7C7698C9-FCFC-4809-A805-F562E8C66B2C}.Release|x64.Build.0 = Release|Any CPU
		{7C7698C9-FCFC-4809-A805-F562E8C66B2C}.Release|x86.ActiveCfg = Release|Any CPU
		{7C7698C9-FCFC-4809-A805-F562E8C66B2C}.Release|x86.Build.0 = Release|Any CPU
		{005D4EE5-3306-4948-AAAE-47493C8F26A7}.Debug|Any CPU.ActiveCfg = Debug|Any CPU
		{005D4EE5-3306-4948-AAAE-47493C8F26A7}.Debug|Any CPU.Build.0 = Debug|Any CPU
		{005D4EE5-3306-4948-AAAE-47493C8F26A7}.Debug|x64.ActiveCfg = Debug|Any CPU
		{005D4EE5-3306-4948-AAAE-47493C8F26A7}.Debug|x64.Build.0 = Debug|Any CPU
		{005D4EE5-3306-4948-AAAE-47493C8F26A7}.Debug|x86.ActiveCfg = Debug|Any CPU
		{005D4EE5-3306-4948-AAAE-47493C8F26A7}.Debug|x86.Build.0 = Debug|Any CPU
		{005D4EE5-3306-4948-AAAE-47493C8F26A7}.Release|Any CPU.ActiveCfg = Release|Any CPU
		{005D4EE5-3306-4948-AAAE-47493C8F26A7}.Release|Any CPU.Build.0 = Release|Any CPU
		{005D4EE5-3306-4948-AAAE-47493C8F26A7}.Release|x64.ActiveCfg = Release|Any CPU
		{005D4EE5-3306-4948-AAAE-47493C8F26A7}.Release|x64.Build.0 = Release|Any CPU
		{005D4EE5-3306-4948-AAAE-47493C8F26A7}.Release|x86.ActiveCfg = Release|Any CPU
		{005D4EE5-3306-4948-AAAE-47493C8F26A7}.Release|x86.Build.0 = Release|Any CPU
		{32DCE2CD-B4B6-436F-9149-099652B6B826}.Debug|Any CPU.ActiveCfg = Debug|Any CPU
		{32DCE2CD-B4B6-436F-9149-099652B6B826}.Debug|Any CPU.Build.0 = Debug|Any CPU
		{32DCE2CD-B4B6-436F-9149-099652B6B826}.Debug|x64.ActiveCfg = Debug|Any CPU
		{32DCE2CD-B4B6-436F-9149-099652B6B826}.Debug|x64.Build.0 = Debug|Any CPU
		{32DCE2CD-B4B6-436F-9149-099652B6B826}.Debug|x86.ActiveCfg = Debug|Any CPU
		{32DCE2CD-B4B6-436F-9149-099652B6B826}.Debug|x86.Build.0 = Debug|Any CPU
		{32DCE2CD-B4B6-436F-9149-099652B6B826}.Release|Any CPU.ActiveCfg = Release|Any CPU
		{32DCE2CD-B4B6-436F-9149-099652B6B826}.Release|Any CPU.Build.0 = Release|Any CPU
		{32DCE2CD-B4B6-436F-9149-099652B6B826}.Release|x64.ActiveCfg = Release|Any CPU
		{32DCE2CD-B4B6-436F-9149-099652B6B826}.Release|x64.Build.0 = Release|Any CPU
		{32DCE2CD-B4B6-436F-9149-099652B6B826}.Release|x86.ActiveCfg = Release|Any CPU
		{32DCE2CD-B4B6-436F-9149-099652B6B826}.Release|x86.Build.0 = Release|Any CPU
		{C8F51F1C-3368-4635-9E62-8AFA224CC31D}.Debug|Any CPU.ActiveCfg = Debug|Any CPU
		{C8F51F1C-3368-4635-9E62-8AFA224CC31D}.Debug|Any CPU.Build.0 = Debug|Any CPU
		{C8F51F1C-3368-4635-9E62-8AFA224CC31D}.Debug|x64.ActiveCfg = Debug|Any CPU
		{C8F51F1C-3368-4635-9E62-8AFA224CC31D}.Debug|x64.Build.0 = Debug|Any CPU
		{C8F51F1C-3368-4635-9E62-8AFA224CC31D}.Debug|x86.ActiveCfg = Debug|Any CPU
		{C8F51F1C-3368-4635-9E62-8AFA224CC31D}.Debug|x86.Build.0 = Debug|Any CPU
		{C8F51F1C-3368-4635-9E62-8AFA224CC31D}.Release|Any CPU.ActiveCfg = Release|Any CPU
		{C8F51F1C-3368-4635-9E62-8AFA224CC31D}.Release|Any CPU.Build.0 = Release|Any CPU
		{C8F51F1C-3368-4635-9E62-8AFA224CC31D}.Release|x64.ActiveCfg = Release|Any CPU
		{C8F51F1C-3368-4635-9E62-8AFA224CC31D}.Release|x64.Build.0 = Release|Any CPU
		{C8F51F1C-3368-4635-9E62-8AFA224CC31D}.Release|x86.ActiveCfg = Release|Any CPU
		{C8F51F1C-3368-4635-9E62-8AFA224CC31D}.Release|x86.Build.0 = Release|Any CPU
		{D0529962-B06E-4DF4-A6EB-D539D3FE7315}.Debug|Any CPU.ActiveCfg = Debug|Any CPU
		{D0529962-B06E-4DF4-A6EB-D539D3FE7315}.Debug|Any CPU.Build.0 = Debug|Any CPU
		{D0529962-B06E-4DF4-A6EB-D539D3FE7315}.Debug|x64.ActiveCfg = Debug|Any CPU
		{D0529962-B06E-4DF4-A6EB-D539D3FE7315}.Debug|x64.Build.0 = Debug|Any CPU
		{D0529962-B06E-4DF4-A6EB-D539D3FE7315}.Debug|x86.ActiveCfg = Debug|Any CPU
		{D0529962-B06E-4DF4-A6EB-D539D3FE7315}.Debug|x86.Build.0 = Debug|Any CPU
		{D0529962-B06E-4DF4-A6EB-D539D3FE7315}.Release|Any CPU.ActiveCfg = Release|Any CPU
		{D0529962-B06E-4DF4-A6EB-D539D3FE7315}.Release|Any CPU.Build.0 = Release|Any CPU
		{D0529962-B06E-4DF4-A6EB-D539D3FE7315}.Release|x64.ActiveCfg = Release|Any CPU
		{D0529962-B06E-4DF4-A6EB-D539D3FE7315}.Release|x64.Build.0 = Release|Any CPU
		{D0529962-B06E-4DF4-A6EB-D539D3FE7315}.Release|x86.ActiveCfg = Release|Any CPU
		{D0529962-B06E-4DF4-A6EB-D539D3FE7315}.Release|x86.Build.0 = Release|Any CPU
		{AD8D5D87-1147-4A1C-A95D-442F5FAF7CA4}.Debug|Any CPU.ActiveCfg = Debug|Any CPU
		{AD8D5D87-1147-4A1C-A95D-442F5FAF7CA4}.Debug|Any CPU.Build.0 = Debug|Any CPU
		{AD8D5D87-1147-4A1C-A95D-442F5FAF7CA4}.Debug|x64.ActiveCfg = Debug|Any CPU
		{AD8D5D87-1147-4A1C-A95D-442F5FAF7CA4}.Debug|x64.Build.0 = Debug|Any CPU
		{AD8D5D87-1147-4A1C-A95D-442F5FAF7CA4}.Debug|x86.ActiveCfg = Debug|Any CPU
		{AD8D5D87-1147-4A1C-A95D-442F5FAF7CA4}.Debug|x86.Build.0 = Debug|Any CPU
		{AD8D5D87-1147-4A1C-A95D-442F5FAF7CA4}.Release|Any CPU.ActiveCfg = Release|Any CPU
		{AD8D5D87-1147-4A1C-A95D-442F5FAF7CA4}.Release|Any CPU.Build.0 = Release|Any CPU
		{AD8D5D87-1147-4A1C-A95D-442F5FAF7CA4}.Release|x64.ActiveCfg = Release|Any CPU
		{AD8D5D87-1147-4A1C-A95D-442F5FAF7CA4}.Release|x64.Build.0 = Release|Any CPU
		{AD8D5D87-1147-4A1C-A95D-442F5FAF7CA4}.Release|x86.ActiveCfg = Release|Any CPU
		{AD8D5D87-1147-4A1C-A95D-442F5FAF7CA4}.Release|x86.Build.0 = Release|Any CPU
		{49E0B435-3441-4589-91F0-033F1872B120}.Debug|Any CPU.ActiveCfg = Debug|Win32
		{49E0B435-3441-4589-91F0-033F1872B120}.Debug|Any CPU.Build.0 = Debug|Win32
		{49E0B435-3441-4589-91F0-033F1872B120}.Debug|x64.ActiveCfg = Debug|x64
		{49E0B435-3441-4589-91F0-033F1872B120}.Debug|x64.Build.0 = Debug|x64
		{49E0B435-3441-4589-91F0-033F1872B120}.Debug|x86.ActiveCfg = Debug|Win32
		{49E0B435-3441-4589-91F0-033F1872B120}.Debug|x86.Build.0 = Debug|Win32
		{49E0B435-3441-4589-91F0-033F1872B120}.Release|Any CPU.ActiveCfg = Release|Win32
		{49E0B435-3441-4589-91F0-033F1872B120}.Release|Any CPU.Build.0 = Release|Win32
		{49E0B435-3441-4589-91F0-033F1872B120}.Release|x64.ActiveCfg = Release|x64
		{49E0B435-3441-4589-91F0-033F1872B120}.Release|x64.Build.0 = Release|x64
		{49E0B435-3441-4589-91F0-033F1872B120}.Release|x86.ActiveCfg = Release|Win32
		{49E0B435-3441-4589-91F0-033F1872B120}.Release|x86.Build.0 = Release|Win32
	EndGlobalSection
	GlobalSection(SolutionProperties) = preSolution
		HideSolutionNode = FALSE
	EndGlobalSection
EndGlobal
