
Microsoft Visual Studio Solution File, Format Version 12.00
Project("{FAE04EC0-301F-11D3-BF4B-00C04F79EFBC}") = "Maxine.Fetch", "Maxine.Fetch\Maxine.Fetch.csproj", "{47F4F08A-2656-4CBA-8042-26FD28BAB839}"
EndProject
Project("{FAE04EC0-301F-11D3-BF4B-00C04F79EFBC}") = "Maxine.Extensions", "Maxine.Extensions\Maxine.Extensions.csproj", "{7A9453A6-376D-4C40-927C-A79BB720184E}"
EndProject
Project("{FAE04EC0-301F-11D3-BF4B-00C04F79EFBC}") = "Maxine.Extensions.EntityFrameworkCore", "Maxine.Extensions.EntityFrameworkCore\Maxine.Extensions.EntityFrameworkCore.csproj", "{5C5D1116-FD1E-4557-B624-692C07965DC9}"
EndProject
Project("{FAE04EC0-301F-11D3-BF4B-00C04F79EFBC}") = "Maxine.LogViewer.Desktop", "Maxine.LogViewer.Desktop\Maxine.LogViewer.Desktop.csproj", "{A4CA2BD9-97F8-4215-92BB-8F84BF1123BB}"
EndProject
Project("{FAE04EC0-301F-11D3-BF4B-00C04F79EFBC}") = "Maxine.LogViewer.Sink", "Maxine.LogViewer.Sink\Maxine.LogViewer.Sink.csproj", "{631921A6-694B-4499-AC82-56D6B685E3A0}"
EndProject
Project("{FAE04EC0-301F-11D3-BF4B-00C04F79EFBC}") = "Maxine.VFS", "Maxine.VFS\Maxine.VFS.csproj", "{200C233C-890A-492E-BB2F-ED61854E2788}"
EndProject
Project("{FAE04EC0-301F-11D3-BF4B-00C04F79EFBC}") = "Maxine.Extensions.SkiaSharp", "Maxine.Extensions.SkiaSharp\Maxine.Extensions.SkiaSharp.csproj", "{7A70D6FE-25E8-457B-A68E-D58F9921084D}"
EndProject
Project("{FAE04EC0-301F-11D3-BF4B-00C04F79EFBC}") = "RayTech.RayLog.MEL", "RayTech.RayLog.MEL\RayTech.RayLog.MEL.csproj", "{794CA6F6-A517-4525-8D22-3FA7D7BD149A}"
EndProject
Project("{FAE04EC0-301F-11D3-BF4B-00C04F79EFBC}") = "Maxine.Extensions.KeyValue", "Maxine.Extensions.KeyValue\Maxine.Extensions.KeyValue.csproj", "{12BA7C78-AE57-4D3F-99F5-E4B839750454}"
EndProject
Project("{FAE04EC0-301F-11D3-BF4B-00C04F79EFBC}") = "Maxine.Extensions.Test", "Maxine.Extensions.Test\Maxine.Extensions.Test.csproj", "{91A765E7-FB26-4B97-B4A1-77E6C828529D}"
EndProject
Project("{FAE04EC0-301F-11D3-BF4B-00C04F79EFBC}") = "Maxine.Extensions.Old", "Maxine.Extensions_old\Maxine.Extensions.Old.csproj", "{85A01896-A095-450C-9D8F-7981B3C0FBB1}"
EndProject
Project("{FAE04EC0-301F-11D3-BF4B-00C04F79EFBC}") = "Maxine.Extensions.Expressions", "Maxine.Extensions.Expressions\Maxine.Extensions.Expressions.csproj", "{50EB050D-9E4A-41AA-95CD-EDF1A91F6811}"
EndProject
Project("{FAE04EC0-301F-11D3-BF4B-00C04F79EFBC}") = "Maxine.Fetch.Test", "Maxine.Fetch.Test\Maxine.Fetch.Test.csproj", "{E6308531-35FB-4251-B5A9-9A5879133CC0}"
EndProject
Project("{FAE04EC0-301F-11D3-BF4B-00C04F79EFBC}") = "Maxine.Extensions.MessagePack", "Maxine.Extensions.MessagePack\Maxine.Extensions.MessagePack.csproj", "{4D8E3D8D-47AF-4BA1-896F-D7E107BCC319}"
EndProject
Project("{FAE04EC0-301F-11D3-BF4B-00C04F79EFBC}") = "Maxine.VFS.Test", "Maxine.VFS.Test\Maxine.VFS.Test.csproj", "{B8F5E9A0-9876-4321-ABCD-123456789ABC}"
EndProject
Global
	GlobalSection(SolutionConfigurationPlatforms) = preSolution
		Debug|Any CPU = Debug|Any CPU
		Debug|x64 = Debug|x64
		Debug|x86 = Debug|x86
		Release|Any CPU = Release|Any CPU
		Release|x64 = Release|x64
		Release|x86 = Release|x86
	EndGlobalSection
	GlobalSection(ProjectConfigurationPlatforms) = postSolution
		{47F4F08A-2656-4CBA-8042-26FD28BAB839}.Debug|Any CPU.ActiveCfg = Debug|Any CPU
		{47F4F08A-2656-4CBA-8042-26FD28BAB839}.Debug|Any CPU.Build.0 = Debug|Any CPU
		{47F4F08A-2656-4CBA-8042-26FD28BAB839}.Debug|x64.ActiveCfg = Debug|Any CPU
		{47F4F08A-2656-4CBA-8042-26FD28BAB839}.Debug|x64.Build.0 = Debug|Any CPU
		{47F4F08A-2656-4CBA-8042-26FD28BAB839}.Debug|x86.ActiveCfg = Debug|Any CPU
		{47F4F08A-2656-4CBA-8042-26FD28BAB839}.Debug|x86.Build.0 = Debug|Any CPU
		{47F4F08A-2656-4CBA-8042-26FD28BAB839}.Release|Any CPU.ActiveCfg = Release|Any CPU
		{47F4F08A-2656-4CBA-8042-26FD28BAB839}.Release|Any CPU.Build.0 = Release|Any CPU
		{47F4F08A-2656-4CBA-8042-26FD28BAB839}.Release|x64.ActiveCfg = Release|Any CPU
		{47F4F08A-2656-4CBA-8042-26FD28BAB839}.Release|x64.Build.0 = Release|Any CPU
		{47F4F08A-2656-4CBA-8042-26FD28BAB839}.Release|x86.ActiveCfg = Release|Any CPU
		{47F4F08A-2656-4CBA-8042-26FD28BAB839}.Release|x86.Build.0 = Release|Any CPU
		{7A9453A6-376D-4C40-927C-A79BB720184E}.Debug|Any CPU.ActiveCfg = Debug|Any CPU
		{7A9453A6-376D-4C40-927C-A79BB720184E}.Debug|Any CPU.Build.0 = Debug|Any CPU
		{7A9453A6-376D-4C40-927C-A79BB720184E}.Debug|x64.ActiveCfg = Debug|Any CPU
		{7A9453A6-376D-4C40-927C-A79BB720184E}.Debug|x64.Build.0 = Debug|Any CPU
		{7A9453A6-376D-4C40-927C-A79BB720184E}.Debug|x86.ActiveCfg = Debug|Any CPU
		{7A9453A6-376D-4C40-927C-A79BB720184E}.Debug|x86.Build.0 = Debug|Any CPU
		{7A9453A6-376D-4C40-927C-A79BB720184E}.Release|Any CPU.ActiveCfg = Release|Any CPU
		{7A9453A6-376D-4C40-927C-A79BB720184E}.Release|Any CPU.Build.0 = Release|Any CPU
		{7A9453A6-376D-4C40-927C-A79BB720184E}.Release|x64.ActiveCfg = Release|Any CPU
		{7A9453A6-376D-4C40-927C-A79BB720184E}.Release|x64.Build.0 = Release|Any CPU
		{7A9453A6-376D-4C40-927C-A79BB720184E}.Release|x86.ActiveCfg = Release|Any CPU
		{7A9453A6-376D-4C40-927C-A79BB720184E}.Release|x86.Build.0 = Release|Any CPU
		{5C5D1116-FD1E-4557-B624-692C07965DC9}.Debug|Any CPU.ActiveCfg = Debug|Any CPU
		{5C5D1116-FD1E-4557-B624-692C07965DC9}.Debug|Any CPU.Build.0 = Debug|Any CPU
		{5C5D1116-FD1E-4557-B624-692C07965DC9}.Debug|x64.ActiveCfg = Debug|Any CPU
		{5C5D1116-FD1E-4557-B624-692C07965DC9}.Debug|x64.Build.0 = Debug|Any CPU
		{5C5D1116-FD1E-4557-B624-692C07965DC9}.Debug|x86.ActiveCfg = Debug|Any CPU
		{5C5D1116-FD1E-4557-B624-692C07965DC9}.Debug|x86.Build.0 = Debug|Any CPU
		{5C5D1116-FD1E-4557-B624-692C07965DC9}.Release|Any CPU.ActiveCfg = Release|Any CPU
		{5C5D1116-FD1E-4557-B624-692C07965DC9}.Release|Any CPU.Build.0 = Release|Any CPU
		{5C5D1116-FD1E-4557-B624-692C07965DC9}.Release|x64.ActiveCfg = Release|Any CPU
		{5C5D1116-FD1E-4557-B624-692C07965DC9}.Release|x64.Build.0 = Release|Any CPU
		{5C5D1116-FD1E-4557-B624-692C07965DC9}.Release|x86.ActiveCfg = Release|Any CPU
		{5C5D1116-FD1E-4557-B624-692C07965DC9}.Release|x86.Build.0 = Release|Any CPU
		{A4CA2BD9-97F8-4215-92BB-8F84BF1123BB}.Debug|Any CPU.ActiveCfg = Debug|Any CPU
		{A4CA2BD9-97F8-4215-92BB-8F84BF1123BB}.Debug|Any CPU.Build.0 = Debug|Any CPU
		{A4CA2BD9-97F8-4215-92BB-8F84BF1123BB}.Debug|x64.ActiveCfg = Debug|Any CPU
		{A4CA2BD9-97F8-4215-92BB-8F84BF1123BB}.Debug|x64.Build.0 = Debug|Any CPU
		{A4CA2BD9-97F8-4215-92BB-8F84BF1123BB}.Debug|x86.ActiveCfg = Debug|Any CPU
		{A4CA2BD9-97F8-4215-92BB-8F84BF1123BB}.Debug|x86.Build.0 = Debug|Any CPU
		{A4CA2BD9-97F8-4215-92BB-8F84BF1123BB}.Release|Any CPU.ActiveCfg = Release|Any CPU
		{A4CA2BD9-97F8-4215-92BB-8F84BF1123BB}.Release|Any CPU.Build.0 = Release|Any CPU
		{A4CA2BD9-97F8-4215-92BB-8F84BF1123BB}.Release|x64.ActiveCfg = Release|Any CPU
		{A4CA2BD9-97F8-4215-92BB-8F84BF1123BB}.Release|x64.Build.0 = Release|Any CPU
		{A4CA2BD9-97F8-4215-92BB-8F84BF1123BB}.Release|x86.ActiveCfg = Release|Any CPU
		{A4CA2BD9-97F8-4215-92BB-8F84BF1123BB}.Release|x86.Build.0 = Release|Any CPU
		{631921A6-694B-4499-AC82-56D6B685E3A0}.Debug|Any CPU.ActiveCfg = Debug|Any CPU
		{631921A6-694B-4499-AC82-56D6B685E3A0}.Debug|Any CPU.Build.0 = Debug|Any CPU
		{631921A6-694B-4499-AC82-56D6B685E3A0}.Debug|x64.ActiveCfg = Debug|Any CPU
		{631921A6-694B-4499-AC82-56D6B685E3A0}.Debug|x64.Build.0 = Debug|Any CPU
		{631921A6-694B-4499-AC82-56D6B685E3A0}.Debug|x86.ActiveCfg = Debug|Any CPU
		{631921A6-694B-4499-AC82-56D6B685E3A0}.Debug|x86.Build.0 = Debug|Any CPU
		{631921A6-694B-4499-AC82-56D6B685E3A0}.Release|Any CPU.ActiveCfg = Release|Any CPU
		{631921A6-694B-4499-AC82-56D6B685E3A0}.Release|Any CPU.Build.0 = Release|Any CPU
		{631921A6-694B-4499-AC82-56D6B685E3A0}.Release|x64.ActiveCfg = Release|Any CPU
		{631921A6-694B-4499-AC82-56D6B685E3A0}.Release|x64.Build.0 = Release|Any CPU
		{631921A6-694B-4499-AC82-56D6B685E3A0}.Release|x86.ActiveCfg = Release|Any CPU
		{631921A6-694B-4499-AC82-56D6B685E3A0}.Release|x86.Build.0 = Release|Any CPU
		{200C233C-890A-492E-BB2F-ED61854E2788}.Debug|Any CPU.ActiveCfg = Debug|Any CPU
		{200C233C-890A-492E-BB2F-ED61854E2788}.Debug|Any CPU.Build.0 = Debug|Any CPU
		{200C233C-890A-492E-BB2F-ED61854E2788}.Debug|x64.ActiveCfg = Debug|Any CPU
		{200C233C-890A-492E-BB2F-ED61854E2788}.Debug|x64.Build.0 = Debug|Any CPU
		{200C233C-890A-492E-BB2F-ED61854E2788}.Debug|x86.ActiveCfg = Debug|Any CPU
		{200C233C-890A-492E-BB2F-ED61854E2788}.Debug|x86.Build.0 = Debug|Any CPU
		{200C233C-890A-492E-BB2F-ED61854E2788}.Release|Any CPU.ActiveCfg = Release|Any CPU
		{200C233C-890A-492E-BB2F-ED61854E2788}.Release|Any CPU.Build.0 = Release|Any CPU
		{200C233C-890A-492E-BB2F-ED61854E2788}.Release|x64.ActiveCfg = Release|Any CPU
		{200C233C-890A-492E-BB2F-ED61854E2788}.Release|x64.Build.0 = Release|Any CPU
		{200C233C-890A-492E-BB2F-ED61854E2788}.Release|x86.ActiveCfg = Release|Any CPU
		{200C233C-890A-492E-BB2F-ED61854E2788}.Release|x86.Build.0 = Release|Any CPU
		{7A70D6FE-25E8-457B-A68E-D58F9921084D}.Debug|Any CPU.ActiveCfg = Debug|Any CPU
		{7A70D6FE-25E8-457B-A68E-D58F9921084D}.Debug|Any CPU.Build.0 = Debug|Any CPU
		{7A70D6FE-25E8-457B-A68E-D58F9921084D}.Debug|x64.ActiveCfg = Debug|Any CPU
		{7A70D6FE-25E8-457B-A68E-D58F9921084D}.Debug|x64.Build.0 = Debug|Any CPU
		{7A70D6FE-25E8-457B-A68E-D58F9921084D}.Debug|x86.ActiveCfg = Debug|Any CPU
		{7A70D6FE-25E8-457B-A68E-D58F9921084D}.Debug|x86.Build.0 = Debug|Any CPU
		{7A70D6FE-25E8-457B-A68E-D58F9921084D}.Release|Any CPU.ActiveCfg = Release|Any CPU
		{7A70D6FE-25E8-457B-A68E-D58F9921084D}.Release|Any CPU.Build.0 = Release|Any CPU
		{7A70D6FE-25E8-457B-A68E-D58F9921084D}.Release|x64.ActiveCfg = Release|Any CPU
		{7A70D6FE-25E8-457B-A68E-D58F9921084D}.Release|x64.Build.0 = Release|Any CPU
		{7A70D6FE-25E8-457B-A68E-D58F9921084D}.Release|x86.ActiveCfg = Release|Any CPU
		{7A70D6FE-25E8-457B-A68E-D58F9921084D}.Release|x86.Build.0 = Release|Any CPU
		{794CA6F6-A517-4525-8D22-3FA7D7BD149A}.Debug|Any CPU.ActiveCfg = Debug|Any CPU
		{794CA6F6-A517-4525-8D22-3FA7D7BD149A}.Debug|Any CPU.Build.0 = Debug|Any CPU
		{794CA6F6-A517-4525-8D22-3FA7D7BD149A}.Debug|x64.ActiveCfg = Debug|Any CPU
		{794CA6F6-A517-4525-8D22-3FA7D7BD149A}.Debug|x64.Build.0 = Debug|Any CPU
		{794CA6F6-A517-4525-8D22-3FA7D7BD149A}.Debug|x86.ActiveCfg = Debug|Any CPU
		{794CA6F6-A517-4525-8D22-3FA7D7BD149A}.Debug|x86.Build.0 = Debug|Any CPU
		{794CA6F6-A517-4525-8D22-3FA7D7BD149A}.Release|Any CPU.ActiveCfg = Release|Any CPU
		{794CA6F6-A517-4525-8D22-3FA7D7BD149A}.Release|Any CPU.Build.0 = Release|Any CPU
		{794CA6F6-A517-4525-8D22-3FA7D7BD149A}.Release|x64.ActiveCfg = Release|Any CPU
		{794CA6F6-A517-4525-8D22-3FA7D7BD149A}.Release|x64.Build.0 = Release|Any CPU
		{794CA6F6-A517-4525-8D22-3FA7D7BD149A}.Release|x86.ActiveCfg = Release|Any CPU
		{794CA6F6-A517-4525-8D22-3FA7D7BD149A}.Release|x86.Build.0 = Release|Any CPU
		{12BA7C78-AE57-4D3F-99F5-E4B839750454}.Debug|Any CPU.ActiveCfg = Debug|Any CPU
		{12BA7C78-AE57-4D3F-99F5-E4B839750454}.Debug|Any CPU.Build.0 = Debug|Any CPU
		{12BA7C78-AE57-4D3F-99F5-E4B839750454}.Debug|x64.ActiveCfg = Debug|Any CPU
		{12BA7C78-AE57-4D3F-99F5-E4B839750454}.Debug|x64.Build.0 = Debug|Any CPU
		{12BA7C78-AE57-4D3F-99F5-E4B839750454}.Debug|x86.ActiveCfg = Debug|Any CPU
		{12BA7C78-AE57-4D3F-99F5-E4B839750454}.Debug|x86.Build.0 = Debug|Any CPU
		{12BA7C78-AE57-4D3F-99F5-E4B839750454}.Release|Any CPU.ActiveCfg = Release|Any CPU
		{12BA7C78-AE57-4D3F-99F5-E4B839750454}.Release|Any CPU.Build.0 = Release|Any CPU
		{12BA7C78-AE57-4D3F-99F5-E4B839750454}.Release|x64.ActiveCfg = Release|Any CPU
		{12BA7C78-AE57-4D3F-99F5-E4B839750454}.Release|x64.Build.0 = Release|Any CPU
		{12BA7C78-AE57-4D3F-99F5-E4B839750454}.Release|x86.ActiveCfg = Release|Any CPU
		{12BA7C78-AE57-4D3F-99F5-E4B839750454}.Release|x86.Build.0 = Release|Any CPU
		{91A765E7-FB26-4B97-B4A1-77E6C828529D}.Debug|Any CPU.ActiveCfg = Debug|Any CPU
		{91A765E7-FB26-4B97-B4A1-77E6C828529D}.Debug|Any CPU.Build.0 = Debug|Any CPU
		{91A765E7-FB26-4B97-B4A1-77E6C828529D}.Debug|x64.ActiveCfg = Debug|Any CPU
		{91A765E7-FB26-4B97-B4A1-77E6C828529D}.Debug|x64.Build.0 = Debug|Any CPU
		{91A765E7-FB26-4B97-B4A1-77E6C828529D}.Debug|x86.ActiveCfg = Debug|Any CPU
		{91A765E7-FB26-4B97-B4A1-77E6C828529D}.Debug|x86.Build.0 = Debug|Any CPU
		{91A765E7-FB26-4B97-B4A1-77E6C828529D}.Release|Any CPU.ActiveCfg = Release|Any CPU
		{91A765E7-FB26-4B97-B4A1-77E6C828529D}.Release|Any CPU.Build.0 = Release|Any CPU
		{91A765E7-FB26-4B97-B4A1-77E6C828529D}.Release|x64.ActiveCfg = Release|Any CPU
		{91A765E7-FB26-4B97-B4A1-77E6C828529D}.Release|x64.Build.0 = Release|Any CPU
		{91A765E7-FB26-4B97-B4A1-77E6C828529D}.Release|x86.ActiveCfg = Release|Any CPU
		{91A765E7-FB26-4B97-B4A1-77E6C828529D}.Release|x86.Build.0 = Release|Any CPU
		{85A01896-A095-450C-9D8F-7981B3C0FBB1}.Debug|Any CPU.ActiveCfg = Debug|Any CPU
		{85A01896-A095-450C-9D8F-7981B3C0FBB1}.Debug|Any CPU.Build.0 = Debug|Any CPU
		{85A01896-A095-450C-9D8F-7981B3C0FBB1}.Debug|x64.ActiveCfg = Debug|Any CPU
		{85A01896-A095-450C-9D8F-7981B3C0FBB1}.Debug|x64.Build.0 = Debug|Any CPU
		{85A01896-A095-450C-9D8F-7981B3C0FBB1}.Debug|x86.ActiveCfg = Debug|Any CPU
		{85A01896-A095-450C-9D8F-7981B3C0FBB1}.Debug|x86.Build.0 = Debug|Any CPU
		{85A01896-A095-450C-9D8F-7981B3C0FBB1}.Release|Any CPU.ActiveCfg = Release|Any CPU
		{85A01896-A095-450C-9D8F-7981B3C0FBB1}.Release|Any CPU.Build.0 = Release|Any CPU
		{85A01896-A095-450C-9D8F-7981B3C0FBB1}.Release|x64.ActiveCfg = Release|Any CPU
		{85A01896-A095-450C-9D8F-7981B3C0FBB1}.Release|x64.Build.0 = Release|Any CPU
		{85A01896-A095-450C-9D8F-7981B3C0FBB1}.Release|x86.ActiveCfg = Release|Any CPU
		{85A01896-A095-450C-9D8F-7981B3C0FBB1}.Release|x86.Build.0 = Release|Any CPU
		{50EB050D-9E4A-41AA-95CD-EDF1A91F6811}.Debug|Any CPU.ActiveCfg = Debug|Any CPU
		{50EB050D-9E4A-41AA-95CD-EDF1A91F6811}.Debug|Any CPU.Build.0 = Debug|Any CPU
		{50EB050D-9E4A-41AA-95CD-EDF1A91F6811}.Debug|x64.ActiveCfg = Debug|Any CPU
		{50EB050D-9E4A-41AA-95CD-EDF1A91F6811}.Debug|x64.Build.0 = Debug|Any CPU
		{50EB050D-9E4A-41AA-95CD-EDF1A91F6811}.Debug|x86.ActiveCfg = Debug|Any CPU
		{50EB050D-9E4A-41AA-95CD-EDF1A91F6811}.Debug|x86.Build.0 = Debug|Any CPU
		{50EB050D-9E4A-41AA-95CD-EDF1A91F6811}.Release|Any CPU.ActiveCfg = Release|Any CPU
		{50EB050D-9E4A-41AA-95CD-EDF1A91F6811}.Release|Any CPU.Build.0 = Release|Any CPU
		{50EB050D-9E4A-41AA-95CD-EDF1A91F6811}.Release|x64.ActiveCfg = Release|Any CPU
		{50EB050D-9E4A-41AA-95CD-EDF1A91F6811}.Release|x64.Build.0 = Release|Any CPU
		{50EB050D-9E4A-41AA-95CD-EDF1A91F6811}.Release|x86.ActiveCfg = Release|Any CPU
		{50EB050D-9E4A-41AA-95CD-EDF1A91F6811}.Release|x86.Build.0 = Release|Any CPU
		{E6308531-35FB-4251-B5A9-9A5879133CC0}.Debug|Any CPU.ActiveCfg = Debug|Any CPU
		{E6308531-35FB-4251-B5A9-9A5879133CC0}.Debug|Any CPU.Build.0 = Debug|Any CPU
		{E6308531-35FB-4251-B5A9-9A5879133CC0}.Debug|x64.ActiveCfg = Debug|Any CPU
		{E6308531-35FB-4251-B5A9-9A5879133CC0}.Debug|x64.Build.0 = Debug|Any CPU
		{E6308531-35FB-4251-B5A9-9A5879133CC0}.Debug|x86.ActiveCfg = Debug|Any CPU
		{E6308531-35FB-4251-B5A9-9A5879133CC0}.Debug|x86.Build.0 = Debug|Any CPU
		{E6308531-35FB-4251-B5A9-9A5879133CC0}.Release|Any CPU.ActiveCfg = Release|Any CPU
		{E6308531-35FB-4251-B5A9-9A5879133CC0}.Release|Any CPU.Build.0 = Release|Any CPU
		{E6308531-35FB-4251-B5A9-9A5879133CC0}.Release|x64.ActiveCfg = Release|Any CPU
		{E6308531-35FB-4251-B5A9-9A5879133CC0}.Release|x64.Build.0 = Release|Any CPU
		{E6308531-35FB-4251-B5A9-9A5879133CC0}.Release|x86.ActiveCfg = Release|Any CPU
		{E6308531-35FB-4251-B5A9-9A5879133CC0}.Release|x86.Build.0 = Release|Any CPU
		{4D8E3D8D-47AF-4BA1-896F-D7E107BCC319}.Debug|Any CPU.ActiveCfg = Debug|Any CPU
		{4D8E3D8D-47AF-4BA1-896F-D7E107BCC319}.Debug|Any CPU.Build.0 = Debug|Any CPU
		{4D8E3D8D-47AF-4BA1-896F-D7E107BCC319}.Debug|x64.ActiveCfg = Debug|Any CPU
		{4D8E3D8D-47AF-4BA1-896F-D7E107BCC319}.Debug|x64.Build.0 = Debug|Any CPU
		{4D8E3D8D-47AF-4BA1-896F-D7E107BCC319}.Debug|x86.ActiveCfg = Debug|Any CPU
		{4D8E3D8D-47AF-4BA1-896F-D7E107BCC319}.Debug|x86.Build.0 = Debug|Any CPU
		{4D8E3D8D-47AF-4BA1-896F-D7E107BCC319}.Release|Any CPU.ActiveCfg = Release|Any CPU
		{4D8E3D8D-47AF-4BA1-896F-D7E107BCC319}.Release|Any CPU.Build.0 = Release|Any CPU
		{4D8E3D8D-47AF-4BA1-896F-D7E107BCC319}.Release|x64.ActiveCfg = Release|Any CPU
		{4D8E3D8D-47AF-4BA1-896F-D7E107BCC319}.Release|x64.Build.0 = Release|Any CPU
		{4D8E3D8D-47AF-4BA1-896F-D7E107BCC319}.Release|x86.ActiveCfg = Release|Any CPU
		{4D8E3D8D-47AF-4BA1-896F-D7E107BCC319}.Release|x86.Build.0 = Release|Any CPU
		{B8F5E9A0-9876-4321-ABCD-123456789ABC}.Debug|Any CPU.ActiveCfg = Debug|Any CPU
		{B8F5E9A0-9876-4321-ABCD-123456789ABC}.Debug|Any CPU.Build.0 = Debug|Any CPU
		{B8F5E9A0-9876-4321-ABCD-123456789ABC}.Debug|x64.ActiveCfg = Debug|Any CPU
		{B8F5E9A0-9876-4321-ABCD-123456789ABC}.Debug|x64.Build.0 = Debug|Any CPU
		{B8F5E9A0-9876-4321-ABCD-123456789ABC}.Debug|x86.ActiveCfg = Debug|Any CPU
		{B8F5E9A0-9876-4321-ABCD-123456789ABC}.Debug|x86.Build.0 = Debug|Any CPU
		{B8F5E9A0-9876-4321-ABCD-123456789ABC}.Release|Any CPU.ActiveCfg = Release|Any CPU
		{B8F5E9A0-9876-4321-ABCD-123456789ABC}.Release|Any CPU.Build.0 = Release|Any CPU
		{B8F5E9A0-9876-4321-ABCD-123456789ABC}.Release|x64.ActiveCfg = Release|Any CPU
		{B8F5E9A0-9876-4321-ABCD-123456789ABC}.Release|x64.Build.0 = Release|Any CPU
		{B8F5E9A0-9876-4321-ABCD-123456789ABC}.Release|x86.ActiveCfg = Release|Any CPU
		{B8F5E9A0-9876-4321-ABCD-123456789ABC}.Release|x86.Build.0 = Release|Any CPU
	EndGlobalSection
	GlobalSection(SolutionProperties) = preSolution
		HideSolutionNode = FALSE
	EndGlobalSection
EndGlobal
